
Microsoft Visual Studio Solution File, Format Version 12.00
# Visual Studio Version 16
VisualStudioVersion = 16.0.32630.194
MinimumVisualStudioVersion = 10.0.40219.1
Project("{FAE04EC0-301F-11D3-BF4B-00C04F79EFBC}") = "RoboIME_store", "RoboIME_store.csproj", "{54C016C5-8755-415E-9C4A-4E1571A80963}"
EndProject
Global
	GlobalSection(SolutionConfigurationPlatforms) = preSolution
		Debug|Any CPU = Debug|Any CPU
		Release|Any CPU = Release|Any CPU
	EndGlobalSection
	GlobalSection(ProjectConfigurationPlatforms) = postSolution
		{54C016C5-8755-415E-9C4A-4E1571A80963}.Debug|Any CPU.ActiveCfg = Debug|Any CPU
		{54C016C5-8755-415E-9C4A-4E1571A80963}.Debug|Any CPU.Build.0 = Debug|Any CPU
		{54C016C5-8755-415E-9C4A-4E1571A80963}.Release|Any CPU.ActiveCfg = Release|Any CPU
		{54C016C5-8755-415E-9C4A-4E1571A80963}.Release|Any CPU.Build.0 = Release|Any CPU
	EndGlobalSection
	GlobalSection(SolutionProperties) = preSolution
		HideSolutionNode = FALSE
	EndGlobalSection
	GlobalSection(ExtensibilityGlobals) = postSolution
		SolutionGuid = {E6B63624-09B6-4388-BE30-FFF1BEADCCAF}
	EndGlobalSection
EndGlobal
